
Microsoft Visual Studio Solution File, Format Version 12.00
# Visual Studio Version 16
VisualStudioVersion = 16.0.30413.136
MinimumVisualStudioVersion = 10.0.40219.1
Project("{FAE04EC0-301F-11D3-BF4B-00C04F79EFBC}") = "SpndRr", "SpndRr.csproj", "{CEE55FEE-D8B1-4BBE-AF16-9980F70069B8}"
EndProject
Global
	GlobalSection(SolutionConfigurationPlatforms) = preSolution
		Debug|Any CPU = Debug|Any CPU
		Release|Any CPU = Release|Any CPU
	EndGlobalSection
	GlobalSection(ProjectConfigurationPlatforms) = postSolution
		{CEE55FEE-D8B1-4BBE-AF16-9980F70069B8}.Debug|Any CPU.ActiveCfg = Debug|Any CPU
		{CEE55FEE-D8B1-4BBE-AF16-9980F70069B8}.Debug|Any CPU.Build.0 = Debug|Any CPU
		{CEE55FEE-D8B1-4BBE-AF16-9980F70069B8}.Release|Any CPU.ActiveCfg = Release|Any CPU
		{CEE55FEE-D8B1-4BBE-AF16-9980F70069B8}.Release|Any CPU.Build.0 = Release|Any CPU
	EndGlobalSection
	GlobalSection(SolutionProperties) = preSolution
		HideSolutionNode = FALSE
	EndGlobalSection
	GlobalSection(ExtensibilityGlobals) = postSolution
		SolutionGuid = {3CA646C6-4D00-4426-A1A2-B9F34DCDB4D1}
	EndGlobalSection
EndGlobal
